
Microsoft Visual Studio Solution File, Format Version 12.00
# Visual Studio 2012
Project("{FAE04EC0-301F-11D3-BF4B-00C04F79EFBC}") = "Channel.Mine.API", "Channel.Mine.API\Channel.Mine.API.csproj", "{C81AE08E-F69D-476A-9F4D-617D60EB21E8}"
EndProject
Project("{FAE04EC0-301F-11D3-BF4B-00C04F79EFBC}") = "Channel.Mine.Web", "Channel.Mine.Web\Channel.Mine.Web.csproj", "{58B3DAE5-4031-459C-BF5F-115928EA0F2E}"
EndProject
Project("{FAE04EC0-301F-11D3-BF4B-00C04F79EFBC}") = "Channel.Mine", "Channel.Mine\Channel.Mine.csproj", "{08CEBD94-B8DC-43D6-8728-B308389F4FDB}"
EndProject
Project("{FAE04EC0-301F-11D3-BF4B-00C04F79EFBC}") = "Channel.Mine.IMDB", "Channel.Mine.IMDB\Channel.Mine.IMDB.csproj", "{DB9AEE18-8806-4A32-9BFA-A20C97DF33B0}"
EndProject
Project("{FAE04EC0-301F-11D3-BF4B-00C04F79EFBC}") = "Channel.Mine.Framework", "Channel.Mine.Framework\Channel.Mine.Framework.csproj", "{0139E352-CB31-418B-A8C6-6DDBBC8E5C96}"
EndProject
Global
	GlobalSection(TeamFoundationVersionControl) = preSolution
		SccNumberOfProjects = 6
		SccEnterpriseProvider = {4CA58AB2-18FA-4F8D-95D4-32DDF27D184C}
		SccTeamFoundationServer = https://tfs.ddrit.com/tfs/home
		SccLocalPath0 = .
		SccProjectUniqueName1 = Channel.Mine.API\\Channel.Mine.API.csproj
		SccProjectName1 = Channel.Mine.API
		SccLocalPath1 = Channel.Mine.API
		SccProjectUniqueName2 = Channel.Mine.Web\\Channel.Mine.Web.csproj
		SccProjectName2 = Channel.Mine.Web
		SccLocalPath2 = Channel.Mine.Web
		SccProjectUniqueName3 = Channel.Mine\\Channel.Mine.csproj
		SccProjectName3 = Channel.Mine
		SccLocalPath3 = Channel.Mine
		SccProjectUniqueName4 = Channel.Mine.IMDB\\Channel.Mine.IMDB.csproj
		SccProjectName4 = Channel.Mine.IMDB
		SccLocalPath4 = Channel.Mine.IMDB
		SccProjectUniqueName5 = Channel.Mine.Framework\\Channel.Mine.Framework.csproj
		SccProjectName5 = Channel.Mine.Framework
		SccLocalPath5 = Channel.Mine.Framework
	EndGlobalSection
	GlobalSection(SolutionConfigurationPlatforms) = preSolution
		Debug|Any CPU = Debug|Any CPU
		Debug|Mixed Platforms = Debug|Mixed Platforms
		Debug|x86 = Debug|x86
		Release|Any CPU = Release|Any CPU
		Release|Mixed Platforms = Release|Mixed Platforms
		Release|x86 = Release|x86
	EndGlobalSection
	GlobalSection(ProjectConfigurationPlatforms) = postSolution
		{C81AE08E-F69D-476A-9F4D-617D60EB21E8}.Debug|Any CPU.ActiveCfg = Debug|Any CPU
		{C81AE08E-F69D-476A-9F4D-617D60EB21E8}.Debug|Any CPU.Build.0 = Debug|Any CPU
		{C81AE08E-F69D-476A-9F4D-617D60EB21E8}.Debug|Mixed Platforms.ActiveCfg = Debug|Any CPU
		{C81AE08E-F69D-476A-9F4D-617D60EB21E8}.Debug|Mixed Platforms.Build.0 = Debug|Any CPU
		{C81AE08E-F69D-476A-9F4D-617D60EB21E8}.Debug|x86.ActiveCfg = Debug|Any CPU
		{C81AE08E-F69D-476A-9F4D-617D60EB21E8}.Release|Any CPU.ActiveCfg = Release|Any CPU
		{C81AE08E-F69D-476A-9F4D-617D60EB21E8}.Release|Any CPU.Build.0 = Release|Any CPU
		{C81AE08E-F69D-476A-9F4D-617D60EB21E8}.Release|Mixed Platforms.ActiveCfg = Release|Any CPU
		{C81AE08E-F69D-476A-9F4D-617D60EB21E8}.Release|Mixed Platforms.Build.0 = Release|Any CPU
		{C81AE08E-F69D-476A-9F4D-617D60EB21E8}.Release|x86.ActiveCfg = Release|Any CPU
		{58B3DAE5-4031-459C-BF5F-115928EA0F2E}.Debug|Any CPU.ActiveCfg = Debug|Any CPU
		{58B3DAE5-4031-459C-BF5F-115928EA0F2E}.Debug|Any CPU.Build.0 = Debug|Any CPU
		{58B3DAE5-4031-459C-BF5F-115928EA0F2E}.Debug|Mixed Platforms.ActiveCfg = Debug|Any CPU
		{58B3DAE5-4031-459C-BF5F-115928EA0F2E}.Debug|Mixed Platforms.Build.0 = Debug|Any CPU
		{58B3DAE5-4031-459C-BF5F-115928EA0F2E}.Debug|x86.ActiveCfg = Debug|Any CPU
		{58B3DAE5-4031-459C-BF5F-115928EA0F2E}.Release|Any CPU.ActiveCfg = Release|Any CPU
		{58B3DAE5-4031-459C-BF5F-115928EA0F2E}.Release|Any CPU.Build.0 = Release|Any CPU
		{58B3DAE5-4031-459C-BF5F-115928EA0F2E}.Release|Mixed Platforms.ActiveCfg = Release|Any CPU
		{58B3DAE5-4031-459C-BF5F-115928EA0F2E}.Release|Mixed Platforms.Build.0 = Release|Any CPU
		{58B3DAE5-4031-459C-BF5F-115928EA0F2E}.Release|x86.ActiveCfg = Release|Any CPU
		{08CEBD94-B8DC-43D6-8728-B308389F4FDB}.Debug|Any CPU.ActiveCfg = Debug|x86
		{08CEBD94-B8DC-43D6-8728-B308389F4FDB}.Debug|Mixed Platforms.ActiveCfg = Debug|x86
		{08CEBD94-B8DC-43D6-8728-B308389F4FDB}.Debug|Mixed Platforms.Build.0 = Debug|x86
		{08CEBD94-B8DC-43D6-8728-B308389F4FDB}.Debug|x86.ActiveCfg = Debug|x86
		{08CEBD94-B8DC-43D6-8728-B308389F4FDB}.Debug|x86.Build.0 = Debug|x86
		{08CEBD94-B8DC-43D6-8728-B308389F4FDB}.Release|Any CPU.ActiveCfg = Release|x86
		{08CEBD94-B8DC-43D6-8728-B308389F4FDB}.Release|Mixed Platforms.ActiveCfg = Release|x86
		{08CEBD94-B8DC-43D6-8728-B308389F4FDB}.Release|Mixed Platforms.Build.0 = Release|x86
		{08CEBD94-B8DC-43D6-8728-B308389F4FDB}.Release|x86.ActiveCfg = Release|x86
		{08CEBD94-B8DC-43D6-8728-B308389F4FDB}.Release|x86.Build.0 = Release|x86
		{DB9AEE18-8806-4A32-9BFA-A20C97DF33B0}.Debug|Any CPU.ActiveCfg = Debug|Any CPU
		{DB9AEE18-8806-4A32-9BFA-A20C97DF33B0}.Debug|Any CPU.Build.0 = Debug|Any CPU
		{DB9AEE18-8806-4A32-9BFA-A20C97DF33B0}.Debug|Mixed Platforms.ActiveCfg = Debug|Any CPU
		{DB9AEE18-8806-4A32-9BFA-A20C97DF33B0}.Debug|Mixed Platforms.Build.0 = Debug|Any CPU
		{DB9AEE18-8806-4A32-9BFA-A20C97DF33B0}.Debug|x86.ActiveCfg = Debug|Any CPU
		{DB9AEE18-8806-4A32-9BFA-A20C97DF33B0}.Release|Any CPU.ActiveCfg = Release|Any CPU
		{DB9AEE18-8806-4A32-9BFA-A20C97DF33B0}.Release|Any CPU.Build.0 = Release|Any CPU
		{DB9AEE18-8806-4A32-9BFA-A20C97DF33B0}.Release|Mixed Platforms.ActiveCfg = Release|Any CPU
		{DB9AEE18-8806-4A32-9BFA-A20C97DF33B0}.Release|Mixed Platforms.Build.0 = Release|Any CPU
		{DB9AEE18-8806-4A32-9BFA-A20C97DF33B0}.Release|x86.ActiveCfg = Release|Any CPU
		{0139E352-CB31-418B-A8C6-6DDBBC8E5C96}.Debug|Any CPU.ActiveCfg = Debug|Any CPU
		{0139E352-CB31-418B-A8C6-6DDBBC8E5C96}.Debug|Any CPU.Build.0 = Debug|Any CPU
		{0139E352-CB31-418B-A8C6-6DDBBC8E5C96}.Debug|Mixed Platforms.ActiveCfg = Debug|Any CPU
		{0139E352-CB31-418B-A8C6-6DDBBC8E5C96}.Debug|Mixed Platforms.Build.0 = Debug|Any CPU
		{0139E352-CB31-418B-A8C6-6DDBBC8E5C96}.Debug|x86.ActiveCfg = Debug|Any CPU
		{0139E352-CB31-418B-A8C6-6DDBBC8E5C96}.Release|Any CPU.ActiveCfg = Release|Any CPU
		{0139E352-CB31-418B-A8C6-6DDBBC8E5C96}.Release|Any CPU.Build.0 = Release|Any CPU
		{0139E352-CB31-418B-A8C6-6DDBBC8E5C96}.Release|Mixed Platforms.ActiveCfg = Release|Any CPU
		{0139E352-CB31-418B-A8C6-6DDBBC8E5C96}.Release|Mixed Platforms.Build.0 = Release|Any CPU
		{0139E352-CB31-418B-A8C6-6DDBBC8E5C96}.Release|x86.ActiveCfg = Release|Any CPU
	EndGlobalSection
	GlobalSection(SolutionProperties) = preSolution
		HideSolutionNode = FALSE
	EndGlobalSection
EndGlobal
